
Microsoft Visual Studio Solution File, Format Version 12.00
# Visual Studio 15
VisualStudioVersion = 15.0.28306.52
MinimumVisualStudioVersion = 10.0.40219.1
Project("{8BC9CEB8-8B4A-11D0-8D11-00A0C91BC942}") = "TestARX", "TestARX\TestARX.vcxproj", "{E82824C5-8D3B-4361-B81D-2267B897BD84}"
EndProject
Project("{8BC9CEB8-8B4A-11D0-8D11-00A0C91BC942}") = "CADArxLetter", "CADArxLetter\CADArxLetter.vcxproj", "{FE2DD252-B072-4E67-97C8-38A1C70ABD34}"
EndProject
Project("{8BC9CEB8-8B4A-11D0-8D11-00A0C91BC942}") = "CADArxGear", "CADArxGear\CADArxGear.vcxproj", "{6B765C20-B345-4E61-BCCD-16834FB67CB7}"
EndProject
Project("{8BC9CEB8-8B4A-11D0-8D11-00A0C91BC942}") = "CADArxCup", "CADArxCup\CADArxCup.vcxproj", "{3E1F55CB-CDEE-4145-8585-CB7AD09666B2}"
EndProject
Global
	GlobalSection(SolutionConfigurationPlatforms) = preSolution
		Debug|Win32 = Debug|Win32
		Debug|x64 = Debug|x64
		Release|Win32 = Release|Win32
		Release|x64 = Release|x64
	EndGlobalSection
	GlobalSection(ProjectConfigurationPlatforms) = postSolution
		{E82824C5-8D3B-4361-B81D-2267B897BD84}.Debug|Win32.ActiveCfg = Debug|Win32
		{E82824C5-8D3B-4361-B81D-2267B897BD84}.Debug|Win32.Build.0 = Debug|Win32
		{E82824C5-8D3B-4361-B81D-2267B897BD84}.Debug|x64.ActiveCfg = Debug|x64
		{E82824C5-8D3B-4361-B81D-2267B897BD84}.Debug|x64.Build.0 = Debug|x64
		{E82824C5-8D3B-4361-B81D-2267B897BD84}.Release|Win32.ActiveCfg = Release|Win32
		{E82824C5-8D3B-4361-B81D-2267B897BD84}.Release|Win32.Build.0 = Release|Win32
		{E82824C5-8D3B-4361-B81D-2267B897BD84}.Release|x64.ActiveCfg = Release|x64
		{E82824C5-8D3B-4361-B81D-2267B897BD84}.Release|x64.Build.0 = Release|x64
		{FE2DD252-B072-4E67-97C8-38A1C70ABD34}.Debug|Win32.ActiveCfg = Debug|Win32
		{FE2DD252-B072-4E67-97C8-38A1C70ABD34}.Debug|Win32.Build.0 = Debug|Win32
		{FE2DD252-B072-4E67-97C8-38A1C70ABD34}.Debug|x64.ActiveCfg = Debug|x64
		{FE2DD252-B072-4E67-97C8-38A1C70ABD34}.Debug|x64.Build.0 = Debug|x64
		{FE2DD252-B072-4E67-97C8-38A1C70ABD34}.Release|Win32.ActiveCfg = Release|Win32
		{FE2DD252-B072-4E67-97C8-38A1C70ABD34}.Release|Win32.Build.0 = Release|Win32
		{FE2DD252-B072-4E67-97C8-38A1C70ABD34}.Release|x64.ActiveCfg = Release|x64
		{FE2DD252-B072-4E67-97C8-38A1C70ABD34}.Release|x64.Build.0 = Release|x64
		{6B765C20-B345-4E61-BCCD-16834FB67CB7}.Debug|Win32.ActiveCfg = Debug|Win32
		{6B765C20-B345-4E61-BCCD-16834FB67CB7}.Debug|Win32.Build.0 = Debug|Win32
		{6B765C20-B345-4E61-BCCD-16834FB67CB7}.Debug|x64.ActiveCfg = Debug|x64
		{6B765C20-B345-4E61-BCCD-16834FB67CB7}.Debug|x64.Build.0 = Debug|x64
		{6B765C20-B345-4E61-BCCD-16834FB67CB7}.Release|Win32.ActiveCfg = Release|Win32
		{6B765C20-B345-4E61-BCCD-16834FB67CB7}.Release|Win32.Build.0 = Release|Win32
		{6B765C20-B345-4E61-BCCD-16834FB67CB7}.Release|x64.ActiveCfg = Release|x64
		{6B765C20-B345-4E61-BCCD-16834FB67CB7}.Release|x64.Build.0 = Release|x64
		{3E1F55CB-CDEE-4145-8585-CB7AD09666B2}.Debug|Win32.ActiveCfg = Debug|Win32
		{3E1F55CB-CDEE-4145-8585-CB7AD09666B2}.Debug|Win32.Build.0 = Debug|Win32
		{3E1F55CB-CDEE-4145-8585-CB7AD09666B2}.Debug|x64.ActiveCfg = Debug|x64
		{3E1F55CB-CDEE-4145-8585-CB7AD09666B2}.Debug|x64.Build.0 = Debug|x64
		{3E1F55CB-CDEE-4145-8585-CB7AD09666B2}.Release|Win32.ActiveCfg = Release|Win32
		{3E1F55CB-CDEE-4145-8585-CB7AD09666B2}.Release|Win32.Build.0 = Release|Win32
		{3E1F55CB-CDEE-4145-8585-CB7AD09666B2}.Release|x64.ActiveCfg = Release|x64
		{3E1F55CB-CDEE-4145-8585-CB7AD09666B2}.Release|x64.Build.0 = Release|x64
	EndGlobalSection
	GlobalSection(SolutionProperties) = preSolution
		HideSolutionNode = FALSE
	EndGlobalSection
	GlobalSection(ExtensibilityGlobals) = postSolution
		SolutionGuid = {80694310-B554-4CDB-BCFC-FA5B330A061F}
	EndGlobalSection
EndGlobal
